{
  "originHash" : "a0448ae5f6cf67146090c53989ecb484be8163329a6b86acced79d0a2762028a",
  "pins" : [
    {
      "identity" : "capacitor-swift-pm",
      "kind" : "remoteSourceControl",
      "location" : "https://github.com/ionic-team/capacitor-swift-pm.git",
      "state" : {
        "revision" : "4f71d0b979f2f957326f04353eca7604ee937e1e",
        "version" : "8.5.0"
      }
    }
  ],
  "version" : 3
}
